{
  "name": "kjs-bug",
  "requires": true,
  "lockfileVersion": 1,
  "dependencies": {
    "kotlin": {
      "version": "1.3.30",
      "resolved": "https://registry.npmjs.org/kotlin/-/kotlin-1.3.30.tgz",
      "integrity": "sha512-MBYTBfKdZhmOXodUr5WH/1Oc4v6UWtydcamaeW+afGLgK5Z0ObmVKsdiedTM7rlNNmECjbrvw93hPaEA3gYc2w=="
    }
  }
}
